{
  "name": "matts-stats",
  "lockfileVersion": 3,
  "requires": true,
  "packages": {
    "": {
      "dependencies": {
        "timelinejs-slider": "^0.1.0"
      }
    },
    "node_modules/timelinejs-slider": {
      "version": "0.1.0",
      "resolved": "https://registry.npmjs.org/timelinejs-slider/-/timelinejs-slider-0.1.0.tgz",
      "integrity": "sha512-Nh7bnBe+S8iIhrDA42xqU8ZMlQkx/ZfSBs2q/vq4LuGQK5W1GV1fhKbyG7CAsAf3zOsQiQ+gcXPEOPwWG2EnQw=="
    }
  }
}
